
Microsoft Visual Studio Solution File, Format Version 12.00
# Visual Studio 2012
Project("{FAE04EC0-301F-11D3-BF4B-00C04F79EFBC}") = "ControllersAndActions", "ControllersAndActions\ControllersAndActions.csproj", "{5024D235-596E-4DD6-B95E-53087F2CB0BB}"
EndProject
Project("{FAE04EC0-301F-11D3-BF4B-00C04F79EFBC}") = "ControllersAndActions.UnitTests", "ControllersAndActions.UnitTests\ControllersAndActions.UnitTests.csproj", "{89043470-6107-4B93-A044-87CD0B6D79E7}"
EndProject
Global
	GlobalSection(SolutionConfigurationPlatforms) = preSolution
		Debug|Any CPU = Debug|Any CPU
		Release|Any CPU = Release|Any CPU
	EndGlobalSection
	GlobalSection(ProjectConfigurationPlatforms) = postSolution
		{5024D235-596E-4DD6-B95E-53087F2CB0BB}.Debug|Any CPU.ActiveCfg = Debug|Any CPU
		{5024D235-596E-4DD6-B95E-53087F2CB0BB}.Debug|Any CPU.Build.0 = Debug|Any CPU
		{5024D235-596E-4DD6-B95E-53087F2CB0BB}.Release|Any CPU.ActiveCfg = Release|Any CPU
		{5024D235-596E-4DD6-B95E-53087F2CB0BB}.Release|Any CPU.Build.0 = Release|Any CPU
		{89043470-6107-4B93-A044-87CD0B6D79E7}.Debug|Any CPU.ActiveCfg = Debug|Any CPU
		{89043470-6107-4B93-A044-87CD0B6D79E7}.Debug|Any CPU.Build.0 = Debug|Any CPU
		{89043470-6107-4B93-A044-87CD0B6D79E7}.Release|Any CPU.ActiveCfg = Release|Any CPU
		{89043470-6107-4B93-A044-87CD0B6D79E7}.Release|Any CPU.Build.0 = Release|Any CPU
	EndGlobalSection
	GlobalSection(SolutionProperties) = preSolution
		HideSolutionNode = FALSE
	EndGlobalSection
EndGlobal
