
Microsoft Visual Studio Solution File, Format Version 12.00
# Visual Studio 2012
Project("{FAE04EC0-301F-11D3-BF4B-00C04F79EFBC}") = "WorkingWithAreas", "WorkingWithAreas\WorkingWithAreas.csproj", "{D98DF964-22AF-4FFA-806C-C1A4DC9CBA8B}"
EndProject
Project("{FAE04EC0-301F-11D3-BF4B-00C04F79EFBC}") = "WorkingWithAreas.Tests", "WorkingWithAreas.Tests\WorkingWithAreas.Tests.csproj", "{F4B90C7E-BC66-4118-915E-A4EECCA98081}"
EndProject
Global
	GlobalSection(SolutionConfigurationPlatforms) = preSolution
		Debug|Any CPU = Debug|Any CPU
		Release|Any CPU = Release|Any CPU
	EndGlobalSection
	GlobalSection(ProjectConfigurationPlatforms) = postSolution
		{D98DF964-22AF-4FFA-806C-C1A4DC9CBA8B}.Debug|Any CPU.ActiveCfg = Debug|Any CPU
		{D98DF964-22AF-4FFA-806C-C1A4DC9CBA8B}.Debug|Any CPU.Build.0 = Debug|Any CPU
		{D98DF964-22AF-4FFA-806C-C1A4DC9CBA8B}.Release|Any CPU.ActiveCfg = Release|Any CPU
		{D98DF964-22AF-4FFA-806C-C1A4DC9CBA8B}.Release|Any CPU.Build.0 = Release|Any CPU
		{F4B90C7E-BC66-4118-915E-A4EECCA98081}.Debug|Any CPU.ActiveCfg = Debug|Any CPU
		{F4B90C7E-BC66-4118-915E-A4EECCA98081}.Debug|Any CPU.Build.0 = Debug|Any CPU
		{F4B90C7E-BC66-4118-915E-A4EECCA98081}.Release|Any CPU.ActiveCfg = Release|Any CPU
		{F4B90C7E-BC66-4118-915E-A4EECCA98081}.Release|Any CPU.Build.0 = Release|Any CPU
	EndGlobalSection
	GlobalSection(SolutionProperties) = preSolution
		HideSolutionNode = FALSE
	EndGlobalSection
EndGlobal
